<?xml version="1.0" encoding="utf-8"?>
<Project ToolsVersion="4.0" xmlns="http://schemas.microsoft.com/developer/msbuild/2003">
  <ItemGroup>
    <Filter Include="Source Files">
      <UniqueIdentifier>{4FC737F1-C7A5-4376-A066-2A32D752A2FF}</UniqueIdentifier>
      <Extensions>cpp;c;cc;cxx;def;odl;idl;hpj;bat;asm;asmx</Extensions>
    </Filter>
    <Filter Include="Header Files">
      <UniqueIdentifier>{93995380-89BD-4b04-88EB-625FBE52EBFB}</UniqueIdentifier>
      <Extensions>h;hh;hpp;hxx;hm;inl;inc;xsd</Extensions>
    </Filter>
    <Filter Include="Resource Files">
      <UniqueIdentifier>{67DA6AB6-F800-4c08-8B7A-83BB121AAD01}</UniqueIdentifier>
      <Extensions>rc;ico;cur;bmp;dlg;rc2;rct;bin;rgs;gif;jpg;jpeg;jpe;resx;tiff;tif;png;wav;mfcribbon-ms</Extensions>
    </Filter>
    <Filter Include="Header Files\Shapes">
      <UniqueIdentifier>{a3e0ed80-0b65-490c-99c8-8d069692f638}</UniqueIdentifier>
    </Filter>
    <Filter Include="Source Files\Shapes">
      <UniqueIdentifier>{8bd0fd9c-ad1c-4540-bb50-e7f7a908d800}</UniqueIdentifier>
    </Filter>
    <Filter Include="Header Files\Shapes\Rotatable">
      <UniqueIdentifier>{c77c4144-65c9-461d-acb5-a3ba1ff7dab5}</UniqueIdentifier>
    </Filter>
    <Filter Include="Source Files\Shapes\Rotatable">
      <UniqueIdentifier>{920c9911-6919-4286-933d-92b076cde195}</UniqueIdentifier>
    </Filter>
  </ItemGroup>
  <ItemGroup>
    <ClInclude Include="Point.h">
      <Filter>Header Files</Filter>
    </ClInclude>
    <ClInclude Include="Gotoxy.h">
      <Filter>Header Files</Filter>
    </ClInclude>
    <ClInclude Include="Board.h">
      <Filter>Header Files</Filter>
    </ClInclude>
    <ClInclude Include="Defines.h">
      <Filter>Header Files</Filter>
    </ClInclude>
    <ClInclude Include="Utilities.h">
      <Filter>Header Files</Filter>
    </ClInclude>
    <ClInclude Include="Game.h">
      <Filter>Header Files</Filter>
    </ClInclude>
    <ClInclude Include="Bomb.h">
      <Filter>Header Files\Shapes</Filter>
    </ClInclude>
    <ClInclude Include="Joker.h">
      <Filter>Header Files\Shapes</Filter>
    </ClInclude>
    <ClInclude Include="Shapes.h">
      <Filter>Header Files\Shapes</Filter>
    </ClInclude>
    <ClInclude Include="Square.h">
      <Filter>Header Files\Shapes</Filter>
    </ClInclude>
    <ClInclude Include="BigL.h">
      <Filter>Header Files\Shapes\Rotatable</Filter>
    </ClInclude>
    <ClInclude Include="Plus.h">
      <Filter>Header Files\Shapes\Rotatable</Filter>
    </ClInclude>
    <ClInclude Include="Rotatable.h">
      <Filter>Header Files\Shapes\Rotatable</Filter>
    </ClInclude>
    <ClInclude Include="Zed.h">
      <Filter>Header Files\Shapes\Rotatable</Filter>
    </ClInclude>
    <ClInclude Include="Line.h">
      <Filter>Header Files\Shapes\Rotatable</Filter>
    </ClInclude>
  </ItemGroup>
  <ItemGroup>
    <ClCompile Include="Point.cpp">
      <Filter>Source Files</Filter>
    </ClCompile>
    <ClCompile Include="Board.cpp">
      <Filter>Source Files</Filter>
    </ClCompile>
    <ClCompile Include="Utilities.cpp">
      <Filter>Source Files</Filter>
    </ClCompile>
    <ClCompile Include="Game.cpp">
      <Filter>Source Files</Filter>
    </ClCompile>
    <ClCompile Include="Gotoxy.cpp">
      <Filter>Source Files</Filter>
    </ClCompile>
    <ClCompile Include="Main.cpp">
      <Filter>Source Files</Filter>
    </ClCompile>
    <ClCompile Include="Bomb.cpp">
      <Filter>Source Files\Shapes</Filter>
    </ClCompile>
    <ClCompile Include="Joker.cpp">
      <Filter>Source Files\Shapes</Filter>
    </ClCompile>
    <ClCompile Include="Square.cpp">
      <Filter>Source Files\Shapes</Filter>
    </ClCompile>
    <ClCompile Include="Shapes.cpp">
      <Filter>Source Files\Shapes</Filter>
    </ClCompile>
    <ClCompile Include="BigL.cpp">
      <Filter>Source Files\Shapes\Rotatable</Filter>
    </ClCompile>
    <ClCompile Include="Zed.cpp">
      <Filter>Source Files\Shapes\Rotatable</Filter>
    </ClCompile>
    <ClCompile Include="Rotatable.cpp">
      <Filter>Source Files\Shapes\Rotatable</Filter>
    </ClCompile>
    <ClCompile Include="Line.cpp">
      <Filter>Source Files\Shapes\Rotatable</Filter>
    </ClCompile>
    <ClCompile Include="Plus.cpp">
      <Filter>Source Files\Shapes\Rotatable</Filter>
    </ClCompile>
  </ItemGroup>
</Project>